// !$*UTF8*$!
{
	archiveVersion = 1;
	classes = {
	};
	objectVersion = 56;
	objects = {

/* Begin PBXBuildFile section */
		401E23C229B60D9400A3F687 /* Bullseye2App.swift in Sources */ = {isa = PBXBuildFile; fileRef = 401E23C129B60D9400A3F687 /* Bullseye2App.swift */; };
		401E23C429B60D9400A3F687 /* ContentView.swift in Sources */ = {isa = PBXBuildFile; fileRef = 401E23C329B60D9400A3F687 /* ContentView.swift */; };
		401E23C629B60D9900A3F687 /* Assets.xcassets in Resources */ = {isa = PBXBuildFile; fileRef = 401E23C529B60D9900A3F687 /* Assets.xcassets */; };
		401E23C929B60D9900A3F687 /* Preview Assets.xcassets in Resources */ = {isa = PBXBuildFile; fileRef = 401E23C829B60D9900A3F687 /* Preview Assets.xcassets */; };
		4025DF8329B8E37800178EF0 /* Constants.swift in Sources */ = {isa = PBXBuildFile; fileRef = 4025DF8229B8E37800178EF0 /* Constants.swift */; };
		4025DF8529B8E6CC00178EF0 /* LeaderboardView.swift in Sources */ = {isa = PBXBuildFile; fileRef = 4025DF8429B8E6CC00178EF0 /* LeaderboardView.swift */; };
		40AE8C4829B792FB003A5922 /* BackgroundView.swift in Sources */ = {isa = PBXBuildFile; fileRef = 40AE8C4729B792FB003A5922 /* BackgroundView.swift */; };
		40D7222A29B737320004718E /* Game.swift in Sources */ = {isa = PBXBuildFile; fileRef = 40D7222929B737320004718E /* Game.swift */; };
		40D7223229B73CD80004718E /* Bullseye2Tests.swift in Sources */ = {isa = PBXBuildFile; fileRef = 40D7223129B73CD80004718E /* Bullseye2Tests.swift */; };
		40D7223929B75F140004718E /* TextViews.swift in Sources */ = {isa = PBXBuildFile; fileRef = 40D7223829B75F140004718E /* TextViews.swift */; };
		40D7223B29B767550004718E /* Shapes.swift in Sources */ = {isa = PBXBuildFile; fileRef = 40D7223A29B767550004718E /* Shapes.swift */; };
		40D7223D29B76A0E0004718E /* RoundedView.swift in Sources */ = {isa = PBXBuildFile; fileRef = 40D7223C29B76A0E0004718E /* RoundedView.swift */; };
		40F3E55C29B89FA500C28E61 /* PointsView.swift in Sources */ = {isa = PBXBuildFile; fileRef = 40F3E55B29B89FA500C28E61 /* PointsView.swift */; };
/* End PBXBuildFile section */

/* Begin PBXContainerItemProxy section */
		40D7223329B73CD80004718E /* PBXContainerItemProxy */ = {
			isa = PBXContainerItemProxy;
			containerPortal = 401E23B629B60D9400A3F687 /* Project object */;
			proxyType = 1;
			remoteGlobalIDString = 401E23BD29B60D9400A3F687;
			remoteInfo = Bullseye2;
		};
/* End PBXContainerItemProxy section */

/* Begin PBXFileReference section */
		401E23BE29B60D9400A3F687 /* Bullseye2.app */ = {isa = PBXFileReference; explicitFileType = wrapper.application; includeInIndex = 0; path = Bullseye2.app; sourceTree = BUILT_PRODUCTS_DIR; };
		401E23C129B60D9400A3F687 /* Bullseye2App.swift */ = {isa = PBXFileReference; lastKnownFileType = sourcecode.swift; path = Bullseye2App.swift; sourceTree = "<group>"; };
		401E23C329B60D9400A3F687 /* ContentView.swift */ = {isa = PBXFileReference; lastKnownFileType = sourcecode.swift; path = ContentView.swift; sourceTree = "<group>"; };
		401E23C529B60D9900A3F687 /* Assets.xcassets */ = {isa = PBXFileReference; lastKnownFileType = folder.assetcatalog; path = Assets.xcassets; sourceTree = "<group>"; };
		401E23C829B60D9900A3F687 /* Preview Assets.xcassets */ = {isa = PBXFileReference; lastKnownFileType = folder.assetcatalog; path = "Preview Assets.xcassets"; sourceTree = "<group>"; };
		4025DF8229B8E37800178EF0 /* Constants.swift */ = {isa = PBXFileReference; lastKnownFileType = sourcecode.swift; path = Constants.swift; sourceTree = SOURCE_ROOT; };
		4025DF8429B8E6CC00178EF0 /* LeaderboardView.swift */ = {isa = PBXFileReference; lastKnownFileType = sourcecode.swift; path = LeaderboardView.swift; sourceTree = "<group>"; };
		40AE8C4729B792FB003A5922 /* BackgroundView.swift */ = {isa = PBXFileReference; lastKnownFileType = sourcecode.swift; path = BackgroundView.swift; sourceTree = "<group>"; };
		40D7222929B737320004718E /* Game.swift */ = {isa = PBXFileReference; lastKnownFileType = sourcecode.swift; path = Game.swift; sourceTree = "<group>"; };
		40D7222F29B73CD80004718E /* Bullseye2Tests.xctest */ = {isa = PBXFileReference; explicitFileType = wrapper.cfbundle; includeInIndex = 0; path = Bullseye2Tests.xctest; sourceTree = BUILT_PRODUCTS_DIR; };
		40D7223129B73CD80004718E /* Bullseye2Tests.swift */ = {isa = PBXFileReference; lastKnownFileType = sourcecode.swift; path = Bullseye2Tests.swift; sourceTree = "<group>"; };
		40D7223829B75F140004718E /* TextViews.swift */ = {isa = PBXFileReference; lastKnownFileType = sourcecode.swift; path = TextViews.swift; sourceTree = "<group>"; };
		40D7223A29B767550004718E /* Shapes.swift */ = {isa = PBXFileReference; lastKnownFileType = sourcecode.swift; path = Shapes.swift; sourceTree = "<group>"; };
		40D7223C29B76A0E0004718E /* RoundedView.swift */ = {isa = PBXFileReference; lastKnownFileType = sourcecode.swift; path = RoundedView.swift; sourceTree = "<group>"; };
		40F3E55B29B89FA500C28E61 /* PointsView.swift */ = {isa = PBXFileReference; lastKnownFileType = sourcecode.swift; path = PointsView.swift; sourceTree = "<group>"; };
/* End PBXFileReference section */

/* Begin PBXFrameworksBuildPhase section */
		401E23BB29B60D9400A3F687 /* Frameworks */ = {
			isa = PBXFrameworksBuildPhase;
			buildActionMask = 2147483647;
			files = (
			);
			runOnlyForDeploymentPostprocessing = 0;
		};
		40D7222C29B73CD80004718E /* Frameworks */ = {
			isa = PBXFrameworksBuildPhase;
			buildActionMask = 2147483647;
			files = (
			);
			runOnlyForDeploymentPostprocessing = 0;
		};
/* End PBXFrameworksBuildPhase section */

/* Begin PBXGroup section */
		401E23B529B60D9400A3F687 = {
			isa = PBXGroup;
			children = (
				401E23C029B60D9400A3F687 /* Bullseye2 */,
				40D7223029B73CD80004718E /* Bullseye2Tests */,
				401E23BF29B60D9400A3F687 /* Products */,
			);
			sourceTree = "<group>";
		};
		401E23BF29B60D9400A3F687 /* Products */ = {
			isa = PBXGroup;
			children = (
				401E23BE29B60D9400A3F687 /* Bullseye2.app */,
				40D7222F29B73CD80004718E /* Bullseye2Tests.xctest */,
			);
			name = Products;
			sourceTree = "<group>";
		};
		401E23C029B60D9400A3F687 /* Bullseye2 */ = {
			isa = PBXGroup;
			children = (
				40D7222829B736E40004718E /* App */,
				40D7222729B736CB0004718E /* Views */,
				40D7222629B736BD0004718E /* Models */,
				401E23C729B60D9900A3F687 /* Preview Content */,
			);
			path = Bullseye2;
			sourceTree = "<group>";
		};
		401E23C729B60D9900A3F687 /* Preview Content */ = {
			isa = PBXGroup;
			children = (
				401E23C829B60D9900A3F687 /* Preview Assets.xcassets */,
			);
			path = "Preview Content";
			sourceTree = "<group>";
		};
		40D7222629B736BD0004718E /* Models */ = {
			isa = PBXGroup;
			children = (
				4025DF8229B8E37800178EF0 /* Constants.swift */,
				40D7222929B737320004718E /* Game.swift */,
			);
			path = Models;
			sourceTree = "<group>";
		};
		40D7222729B736CB0004718E /* Views */ = {
			isa = PBXGroup;
			children = (
				401E23C329B60D9400A3F687 /* ContentView.swift */,
				40D7223829B75F140004718E /* TextViews.swift */,
				40F3E55B29B89FA500C28E61 /* PointsView.swift */,
				40D7223A29B767550004718E /* Shapes.swift */,
				40D7223C29B76A0E0004718E /* RoundedView.swift */,
				40AE8C4729B792FB003A5922 /* BackgroundView.swift */,
				4025DF8429B8E6CC00178EF0 /* LeaderboardView.swift */,
			);
			path = Views;
			sourceTree = "<group>";
		};
		40D7222829B736E40004718E /* App */ = {
			isa = PBXGroup;
			children = (
				401E23C129B60D9400A3F687 /* Bullseye2App.swift */,
				401E23C529B60D9900A3F687 /* Assets.xcassets */,
			);
			path = App;
			sourceTree = "<group>";
		};
		40D7223029B73CD80004718E /* Bullseye2Tests */ = {
			isa = PBXGroup;
			children = (
				40D7223129B73CD80004718E /* Bullseye2Tests.swift */,
			);
			path = Bullseye2Tests;
			sourceTree = "<group>";
		};
/* End PBXGroup section */

/* Begin PBXNativeTarget section */
		401E23BD29B60D9400A3F687 /* Bullseye2 */ = {
			isa = PBXNativeTarget;
			buildConfigurationList = 401E23CC29B60D9900A3F687 /* Build configuration list for PBXNativeTarget "Bullseye2" */;
			buildPhases = (
				401E23BA29B60D9400A3F687 /* Sources */,
				401E23BB29B60D9400A3F687 /* Frameworks */,
				401E23BC29B60D9400A3F687 /* Resources */,
			);
			buildRules = (
			);
			dependencies = (
			);
			name = Bullseye2;
			productName = Bullseye2;
			productReference = 401E23BE29B60D9400A3F687 /* Bullseye2.app */;
			productType = "com.apple.product-type.application";
		};
		40D7222E29B73CD80004718E /* Bullseye2Tests */ = {
			isa = PBXNativeTarget;
			buildConfigurationList = 40D7223529B73CD80004718E /* Build configuration list for PBXNativeTarget "Bullseye2Tests" */;
			buildPhases = (
				40D7222B29B73CD80004718E /* Sources */,
				40D7222C29B73CD80004718E /* Frameworks */,
				40D7222D29B73CD80004718E /* Resources */,
			);
			buildRules = (
			);
			dependencies = (
				40D7223429B73CD80004718E /* PBXTargetDependency */,
			);
			name = Bullseye2Tests;
			productName = Bullseye2Tests;
			productReference = 40D7222F29B73CD80004718E /* Bullseye2Tests.xctest */;
			productType = "com.apple.product-type.bundle.unit-test";
		};
/* End PBXNativeTarget section */

/* Begin PBXProject section */
		401E23B629B60D9400A3F687 /* Project object */ = {
			isa = PBXProject;
			attributes = {
				BuildIndependentTargetsInParallel = 1;
				LastSwiftUpdateCheck = 1420;
				LastUpgradeCheck = 1420;
				TargetAttributes = {
					401E23BD29B60D9400A3F687 = {
						CreatedOnToolsVersion = 14.2;
					};
					40D7222E29B73CD80004718E = {
						CreatedOnToolsVersion = 14.2;
						TestTargetID = 401E23BD29B60D9400A3F687;
					};
				};
			};
			buildConfigurationList = 401E23B929B60D9400A3F687 /* Build configuration list for PBXProject "Bullseye2" */;
			compatibilityVersion = "Xcode 14.0";
			developmentRegion = en;
			hasScannedForEncodings = 0;
			knownRegions = (
				en,
				Base,
			);
			mainGroup = 401E23B529B60D9400A3F687;
			productRefGroup = 401E23BF29B60D9400A3F687 /* Products */;
			projectDirPath = "";
			projectRoot = "";
			targets = (
				401E23BD29B60D9400A3F687 /* Bullseye2 */,
				40D7222E29B73CD80004718E /* Bullseye2Tests */,
			);
		};
/* End PBXProject section */

/* Begin PBXResourcesBuildPhase section */
		401E23BC29B60D9400A3F687 /* Resources */ = {
			isa = PBXResourcesBuildPhase;
			buildActionMask = 2147483647;
			files = (
				401E23C929B60D9900A3F687 /* Preview Assets.xcassets in Resources */,
				401E23C629B60D9900A3F687 /* Assets.xcassets in Resources */,
			);
			runOnlyForDeploymentPostprocessing = 0;
		};
		40D7222D29B73CD80004718E /* Resources */ = {
			isa = PBXResourcesBuildPhase;
			buildActionMask = 2147483647;
			files = (
			);
			runOnlyForDeploymentPostprocessing = 0;
		};
/* End PBXResourcesBuildPhase section */

/* Begin PBXSourcesBuildPhase section */
		401E23BA29B60D9400A3F687 /* Sources */ = {
			isa = PBXSourcesBuildPhase;
			buildActionMask = 2147483647;
			files = (
				4025DF8529B8E6CC00178EF0 /* LeaderboardView.swift in Sources */,
				40D7223D29B76A0E0004718E /* RoundedView.swift in Sources */,
				401E23C429B60D9400A3F687 /* ContentView.swift in Sources */,
				40D7223929B75F140004718E /* TextViews.swift in Sources */,
				40F3E55C29B89FA500C28E61 /* PointsView.swift in Sources */,
				40AE8C4829B792FB003A5922 /* BackgroundView.swift in Sources */,
				40D7223B29B767550004718E /* Shapes.swift in Sources */,
				40D7222A29B737320004718E /* Game.swift in Sources */,
				4025DF8329B8E37800178EF0 /* Constants.swift in Sources */,
				401E23C229B60D9400A3F687 /* Bullseye2App.swift in Sources */,
			);
			runOnlyForDeploymentPostprocessing = 0;
		};
		40D7222B29B73CD80004718E /* Sources */ = {
			isa = PBXSourcesBuildPhase;
			buildActionMask = 2147483647;
			files = (
				40D7223229B73CD80004718E /* Bullseye2Tests.swift in Sources */,
			);
			runOnlyForDeploymentPostprocessing = 0;
		};
/* End PBXSourcesBuildPhase section */

/* Begin PBXTargetDependency section */
		40D7223429B73CD80004718E /* PBXTargetDependency */ = {
			isa = PBXTargetDependency;
			target = 401E23BD29B60D9400A3F687 /* Bullseye2 */;
			targetProxy = 40D7223329B73CD80004718E /* PBXContainerItemProxy */;
		};
/* End PBXTargetDependency section */

/* Begin XCBuildConfiguration section */
		401E23CA29B60D9900A3F687 /* Debug */ = {
			isa = XCBuildConfiguration;
			buildSettings = {
				ALWAYS_SEARCH_USER_PATHS = NO;
				CLANG_ANALYZER_NONNULL = YES;
				CLANG_ANALYZER_NUMBER_OBJECT_CONVERSION = YES_AGGRESSIVE;
				CLANG_CXX_LANGUAGE_STANDARD = "gnu++20";
				CLANG_ENABLE_MODULES = YES;
				CLANG_ENABLE_OBJC_ARC = YES;
				CLANG_ENABLE_OBJC_WEAK = YES;
				CLANG_WARN_BLOCK_CAPTURE_AUTORELEASING = YES;
				CLANG_WARN_BOOL_CONVERSION = YES;
				CLANG_WARN_COMMA = YES;
				CLANG_WARN_CONSTANT_CONVERSION = YES;
				CLANG_WARN_DEPRECATED_OBJC_IMPLEMENTATIONS = YES;
				CLANG_WARN_DIRECT_OBJC_ISA_USAGE = YES_ERROR;
				CLANG_WARN_DOCUMENTATION_COMMENTS = YES;
				CLANG_WARN_EMPTY_BODY = YES;
				CLANG_WARN_ENUM_CONVERSION = YES;
				CLANG_WARN_INFINITE_RECURSION = YES;
				CLANG_WARN_INT_CONVERSION = YES;
				CLANG_WARN_NON_LITERAL_NULL_CONVERSION = YES;
				CLANG_WARN_OBJC_IMPLICIT_RETAIN_SELF = YES;
				CLANG_WARN_OBJC_LITERAL_CONVERSION = YES;
				CLANG_WARN_OBJC_ROOT_CLASS = YES_ERROR;
				CLANG_WARN_QUOTED_INCLUDE_IN_FRAMEWORK_HEADER = YES;
				CLANG_WARN_RANGE_LOOP_ANALYSIS = YES;
				CLANG_WARN_STRICT_PROTOTYPES = YES;
				CLANG_WARN_SUSPICIOUS_MOVE = YES;
				CLANG_WARN_UNGUARDED_AVAILABILITY = YES_AGGRESSIVE;
				CLANG_WARN_UNREACHABLE_CODE = YES;
				CLANG_WARN__DUPLICATE_METHOD_MATCH = YES;
				COPY_PHASE_STRIP = NO;
				DEBUG_INFORMATION_FORMAT = dwarf;
				ENABLE_STRICT_OBJC_MSGSEND = YES;
				ENABLE_TESTABILITY = YES;
				GCC_C_LANGUAGE_STANDARD = gnu11;
				GCC_DYNAMIC_NO_PIC = NO;
				GCC_NO_COMMON_BLOCKS = YES;
				GCC_OPTIMIZATION_LEVEL = 0;
				GCC_PREPROCESSOR_DEFINITIONS = (
					"DEBUG=1",
					"$(inherited)",
				);
				GCC_WARN_64_TO_32_BIT_CONVERSION = YES;
				GCC_WARN_ABOUT_RETURN_TYPE = YES_ERROR;
				GCC_WARN_UNDECLARED_SELECTOR = YES;
				GCC_WARN_UNINITIALIZED_AUTOS = YES_AGGRESSIVE;
				GCC_WARN_UNUSED_FUNCTION = YES;
				GCC_WARN_UNUSED_VARIABLE = YES;
				IPHONEOS_DEPLOYMENT_TARGET = 16.2;
				MTL_ENABLE_DEBUG_INFO = INCLUDE_SOURCE;
				MTL_FAST_MATH = YES;
				ONLY_ACTIVE_ARCH = YES;
				SDKROOT = iphoneos;
				SWIFT_ACTIVE_COMPILATION_CONDITIONS = DEBUG;
				SWIFT_OPTIMIZATION_LEVEL = "-Onone";
			};
			name = Debug;
		};
		401E23CB29B60D9900A3F687 /* Release */ = {
			isa = XCBuildConfiguration;
			buildSettings = {
				ALWAYS_SEARCH_USER_PATHS = NO;
				CLANG_ANALYZER_NONNULL = YES;
				CLANG_ANALYZER_NUMBER_OBJECT_CONVERSION = YES_AGGRESSIVE;
				CLANG_CXX_LANGUAGE_STANDARD = "gnu++20";
				CLANG_ENABLE_MODULES = YES;
				CLANG_ENABLE_OBJC_ARC = YES;
				CLANG_ENABLE_OBJC_WEAK = YES;
				CLANG_WARN_BLOCK_CAPTURE_AUTORELEASING = YES;
				CLANG_WARN_BOOL_CONVERSION = YES;
				CLANG_WARN_COMMA = YES;
				CLANG_WARN_CONSTANT_CONVERSION = YES;
				CLANG_WARN_DEPRECATED_OBJC_IMPLEMENTATIONS = YES;
				CLANG_WARN_DIRECT_OBJC_ISA_USAGE = YES_ERROR;
				CLANG_WARN_DOCUMENTATION_COMMENTS = YES;
				CLANG_WARN_EMPTY_BODY = YES;
				CLANG_WARN_ENUM_CONVERSION = YES;
				CLANG_WARN_INFINITE_RECURSION = YES;
				CLANG_WARN_INT_CONVERSION = YES;
				CLANG_WARN_NON_LITERAL_NULL_CONVERSION = YES;
				CLANG_WARN_OBJC_IMPLICIT_RETAIN_SELF = YES;
				CLANG_WARN_OBJC_LITERAL_CONVERSION = YES;
				CLANG_WARN_OBJC_ROOT_CLASS = YES_ERROR;
				CLANG_WARN_QUOTED_INCLUDE_IN_FRAMEWORK_HEADER = YES;
				CLANG_WARN_RANGE_LOOP_ANALYSIS = YES;
				CLANG_WARN_STRICT_PROTOTYPES = YES;
				CLANG_WARN_SUSPICIOUS_MOVE = YES;
				CLANG_WARN_UNGUARDED_AVAILABILITY = YES_AGGRESSIVE;
				CLANG_WARN_UNREACHABLE_CODE = YES;
				CLANG_WARN__DUPLICATE_METHOD_MATCH = YES;
				COPY_PHASE_STRIP = NO;
				DEBUG_INFORMATION_FORMAT = "dwarf-with-dsym";
				ENABLE_NS_ASSERTIONS = NO;
				ENABLE_STRICT_OBJC_MSGSEND = YES;
				GCC_C_LANGUAGE_STANDARD = gnu11;
				GCC_NO_COMMON_BLOCKS = YES;
				GCC_WARN_64_TO_32_BIT_CONVERSION = YES;
				GCC_WARN_ABOUT_RETURN_TYPE = YES_ERROR;
				GCC_WARN_UNDECLARED_SELECTOR = YES;
				GCC_WARN_UNINITIALIZED_AUTOS = YES_AGGRESSIVE;
				GCC_WARN_UNUSED_FUNCTION = YES;
				GCC_WARN_UNUSED_VARIABLE = YES;
				IPHONEOS_DEPLOYMENT_TARGET = 16.2;
				MTL_ENABLE_DEBUG_INFO = NO;
				MTL_FAST_MATH = YES;
				SDKROOT = iphoneos;
				SWIFT_COMPILATION_MODE = wholemodule;
				SWIFT_OPTIMIZATION_LEVEL = "-O";
				VALIDATE_PRODUCT = YES;
			};
			name = Release;
		};
		401E23CD29B60D9900A3F687 /* Debug */ = {
			isa = XCBuildConfiguration;
			buildSettings = {
				ASSETCATALOG_COMPILER_APPICON_NAME = AppIcon;
				ASSETCATALOG_COMPILER_GLOBAL_ACCENT_COLOR_NAME = AccentColor;
				CODE_SIGN_STYLE = Automatic;
				CURRENT_PROJECT_VERSION = 1;
				DEVELOPMENT_ASSET_PATHS = "\"Bullseye2/Preview Content\"";
				DEVELOPMENT_TEAM = KBZTX6B436;
				ENABLE_PREVIEWS = YES;
				GENERATE_INFOPLIST_FILE = YES;
				INFOPLIST_KEY_CFBundleDisplayName = "Bull's Eye";
				INFOPLIST_KEY_UIApplicationSceneManifest_Generation = YES;
				INFOPLIST_KEY_UIApplicationSupportsIndirectInputEvents = YES;
				INFOPLIST_KEY_UILaunchScreen_Generation = YES;
				INFOPLIST_KEY_UISupportedInterfaceOrientations_iPad = "UIInterfaceOrientationPortrait UIInterfaceOrientationPortraitUpsideDown UIInterfaceOrientationLandscapeLeft UIInterfaceOrientationLandscapeRight";
				INFOPLIST_KEY_UISupportedInterfaceOrientations_iPhone = "UIInterfaceOrientationPortrait UIInterfaceOrientationLandscapeLeft UIInterfaceOrientationLandscapeRight";
				LD_RUNPATH_SEARCH_PATHS = (
					"$(inherited)",
					"@executable_path/Frameworks",
				);
				MARKETING_VERSION = 1.0;
				PRODUCT_BUNDLE_IDENTIFIER = com.cma.company.Bullseye2;
				PRODUCT_NAME = "$(TARGET_NAME)";
				SWIFT_EMIT_LOC_STRINGS = YES;
				SWIFT_VERSION = 5.0;
				TARGETED_DEVICE_FAMILY = "1,2";
			};
			name = Debug;
		};
		401E23CE29B60D9900A3F687 /* Release */ = {
			isa = XCBuildConfiguration;
			buildSettings = {
				ASSETCATALOG_COMPILER_APPICON_NAME = AppIcon;
				ASSETCATALOG_COMPILER_GLOBAL_ACCENT_COLOR_NAME = AccentColor;
				CODE_SIGN_STYLE = Automatic;
				CURRENT_PROJECT_VERSION = 1;
				DEVELOPMENT_ASSET_PATHS = "\"Bullseye2/Preview Content\"";
				DEVELOPMENT_TEAM = KBZTX6B436;
				ENABLE_PREVIEWS = YES;
				GENERATE_INFOPLIST_FILE = YES;
				INFOPLIST_KEY_CFBundleDisplayName = "Bull's Eye";
				INFOPLIST_KEY_UIApplicationSceneManifest_Generation = YES;
				INFOPLIST_KEY_UIApplicationSupportsIndirectInputEvents = YES;
				INFOPLIST_KEY_UILaunchScreen_Generation = YES;
				INFOPLIST_KEY_UISupportedInterfaceOrientations_iPad = "UIInterfaceOrientationPortrait UIInterfaceOrientationPortraitUpsideDown UIInterfaceOrientationLandscapeLeft UIInterfaceOrientationLandscapeRight";
				INFOPLIST_KEY_UISupportedInterfaceOrientations_iPhone = "UIInterfaceOrientationPortrait UIInterfaceOrientationLandscapeLeft UIInterfaceOrientationLandscapeRight";
				LD_RUNPATH_SEARCH_PATHS = (
					"$(inherited)",
					"@executable_path/Frameworks",
				);
				MARKETING_VERSION = 1.0;
				PRODUCT_BUNDLE_IDENTIFIER = com.cma.company.Bullseye2;
				PRODUCT_NAME = "$(TARGET_NAME)";
				SWIFT_EMIT_LOC_STRINGS = YES;
				SWIFT_VERSION = 5.0;
				TARGETED_DEVICE_FAMILY = "1,2";
			};
			name = Release;
		};
		40D7223629B73CD80004718E /* Debug */ = {
			isa = XCBuildConfiguration;
			buildSettings = {
				BUNDLE_LOADER = "$(TEST_HOST)";
				CODE_SIGN_STYLE = Automatic;
				CURRENT_PROJECT_VERSION = 1;
				DEVELOPMENT_TEAM = KBZTX6B436;
				GENERATE_INFOPLIST_FILE = YES;
				IPHONEOS_DEPLOYMENT_TARGET = 16.2;
				MACOSX_DEPLOYMENT_TARGET = 12.6;
				MARKETING_VERSION = 1.0;
				PRODUCT_BUNDLE_IDENTIFIER = com.cma.company.Bullseye2Tests;
				PRODUCT_NAME = "$(TARGET_NAME)";
				SDKROOT = auto;
				SUPPORTED_PLATFORMS = "iphoneos iphonesimulator macosx";
				SWIFT_EMIT_LOC_STRINGS = NO;
				SWIFT_VERSION = 5.0;
				TARGETED_DEVICE_FAMILY = "1,2";
				TEST_HOST = "$(BUILT_PRODUCTS_DIR)/Bullseye2.app/$(BUNDLE_EXECUTABLE_FOLDER_PATH)/Bullseye2";
			};
			name = Debug;
		};
		40D7223729B73CD80004718E /* Release */ = {
			isa = XCBuildConfiguration;
			buildSettings = {
				BUNDLE_LOADER = "$(TEST_HOST)";
				CODE_SIGN_STYLE = Automatic;
				CURRENT_PROJECT_VERSION = 1;
				DEVELOPMENT_TEAM = KBZTX6B436;
				GENERATE_INFOPLIST_FILE = YES;
				IPHONEOS_DEPLOYMENT_TARGET = 16.2;
				MACOSX_DEPLOYMENT_TARGET = 12.6;
				MARKETING_VERSION = 1.0;
				PRODUCT_BUNDLE_IDENTIFIER = com.cma.company.Bullseye2Tests;
				PRODUCT_NAME = "$(TARGET_NAME)";
				SDKROOT = auto;
				SUPPORTED_PLATFORMS = "iphoneos iphonesimulator macosx";
				SWIFT_EMIT_LOC_STRINGS = NO;
				SWIFT_VERSION = 5.0;
				TARGETED_DEVICE_FAMILY = "1,2";
				TEST_HOST = "$(BUILT_PRODUCTS_DIR)/Bullseye2.app/$(BUNDLE_EXECUTABLE_FOLDER_PATH)/Bullseye2";
			};
			name = Release;
		};
/* End XCBuildConfiguration section */

/* Begin XCConfigurationList section */
		401E23B929B60D9400A3F687 /* Build configuration list for PBXProject "Bullseye2" */ = {
			isa = XCConfigurationList;
			buildConfigurations = (
				401E23CA29B60D9900A3F687 /* Debug */,
				401E23CB29B60D9900A3F687 /* Release */,
			);
			defaultConfigurationIsVisible = 0;
			defaultConfigurationName = Release;
		};
		401E23CC29B60D9900A3F687 /* Build configuration list for PBXNativeTarget "Bullseye2" */ = {
			isa = XCConfigurationList;
			buildConfigurations = (
				401E23CD29B60D9900A3F687 /* Debug */,
				401E23CE29B60D9900A3F687 /* Release */,
			);
			defaultConfigurationIsVisible = 0;
			defaultConfigurationName = Release;
		};
		40D7223529B73CD80004718E /* Build configuration list for PBXNativeTarget "Bullseye2Tests" */ = {
			isa = XCConfigurationList;
			buildConfigurations = (
				40D7223629B73CD80004718E /* Debug */,
				40D7223729B73CD80004718E /* Release */,
			);
			defaultConfigurationIsVisible = 0;
			defaultConfigurationName = Release;
		};
/* End XCConfigurationList section */
	};
	rootObject = 401E23B629B60D9400A3F687 /* Project object */;
}
